
Microsoft Visual Studio Solution File, Format Version 12.00
# Visual Studio Version 16
VisualStudioVersion = 16.0.30804.86
MinimumVisualStudioVersion = 10.0.40219.1
Project("{FAE04EC0-301F-11D3-BF4B-00C04F79EFBC}") = "Lab4", "Lab4.csproj", "{F506720D-24AF-4EF0-B65B-6EC487500869}"
EndProject
Global
	GlobalSection(SolutionConfigurationPlatforms) = preSolution
		Debug|Any CPU = Debug|Any CPU
		Release|Any CPU = Release|Any CPU
	EndGlobalSection
	GlobalSection(ProjectConfigurationPlatforms) = postSolution
		{F506720D-24AF-4EF0-B65B-6EC487500869}.Debug|Any CPU.ActiveCfg = Debug|Any CPU
		{F506720D-24AF-4EF0-B65B-6EC487500869}.Debug|Any CPU.Build.0 = Debug|Any CPU
		{F506720D-24AF-4EF0-B65B-6EC487500869}.Release|Any CPU.ActiveCfg = Release|Any CPU
		{F506720D-24AF-4EF0-B65B-6EC487500869}.Release|Any CPU.Build.0 = Release|Any CPU
	EndGlobalSection
	GlobalSection(SolutionProperties) = preSolution
		HideSolutionNode = FALSE
	EndGlobalSection
	GlobalSection(ExtensibilityGlobals) = postSolution
		SolutionGuid = {B8F4935F-75D7-415D-A310-6B9DB2AEBEF6}
	EndGlobalSection
EndGlobal
